
Microsoft Visual Studio Solution File, Format Version 12.00
# Visual Studio Version 17
VisualStudioVersion = 17.5.002.0
MinimumVisualStudioVersion = 10.0.40219.1
Project("{9A19103F-16F7-4668-BE54-9A1E7A4F7556}") = "DotNET Labs #2", "DotNET Labs #2.csproj", "{185F71C2-DDED-4D3D-B368-683EAE233330}"
EndProject
Global
	GlobalSection(SolutionConfigurationPlatforms) = preSolution
		Debug|Any CPU = Debug|Any CPU
		Release|Any CPU = Release|Any CPU
	EndGlobalSection
	GlobalSection(ProjectConfigurationPlatforms) = postSolution
		{185F71C2-DDED-4D3D-B368-683EAE233330}.Debug|Any CPU.ActiveCfg = Debug|Any CPU
		{185F71C2-DDED-4D3D-B368-683EAE233330}.Debug|Any CPU.Build.0 = Debug|Any CPU
		{185F71C2-DDED-4D3D-B368-683EAE233330}.Release|Any CPU.ActiveCfg = Release|Any CPU
		{185F71C2-DDED-4D3D-B368-683EAE233330}.Release|Any CPU.Build.0 = Release|Any CPU
	EndGlobalSection
	GlobalSection(SolutionProperties) = preSolution
		HideSolutionNode = FALSE
	EndGlobalSection
	GlobalSection(ExtensibilityGlobals) = postSolution
		SolutionGuid = {F865787D-9BFE-49C0-B44B-26F3990220B7}
	EndGlobalSection
EndGlobal
